// !$*UTF8*$!
{
	archiveVersion = 1;
	classes = {
	};
	objectVersion = 50;
	objects = {

/* Begin PBXBuildFile section */
		AF4BBD6742BEB68CAC393E66 /* Pods_sampleCharts.framework in Frameworks */ = {isa = PBXBuildFile; fileRef = 65F3E302D8D21DC81AC61A19 /* Pods_sampleCharts.framework */; };
		B7BBDEE724ED02D40060941D /* AppDelegate.swift in Sources */ = {isa = PBXBuildFile; fileRef = B7BBDEE624ED02D40060941D /* AppDelegate.swift */; };
		B7BBDEE924ED02D40060941D /* SceneDelegate.swift in Sources */ = {isa = PBXBuildFile; fileRef = B7BBDEE824ED02D40060941D /* SceneDelegate.swift */; };
		B7BBDEEB24ED02D40060941D /* ViewController.swift in Sources */ = {isa = PBXBuildFile; fileRef = B7BBDEEA24ED02D40060941D /* ViewController.swift */; };
		B7BBDEEE24ED02D40060941D /* Main.storyboard in Resources */ = {isa = PBXBuildFile; fileRef = B7BBDEEC24ED02D40060941D /* Main.storyboard */; };
		B7BBDEF024ED02D60060941D /* Assets.xcassets in Resources */ = {isa = PBXBuildFile; fileRef = B7BBDEEF24ED02D60060941D /* Assets.xcassets */; };
		B7BBDEF324ED02D60060941D /* LaunchScreen.storyboard in Resources */ = {isa = PBXBuildFile; fileRef = B7BBDEF124ED02D60060941D /* LaunchScreen.storyboard */; };
/* End PBXBuildFile section */

/* Begin PBXFileReference section */
		63DA7D26DE7AC058971158F5 /* Pods-sampleCharts.release.xcconfig */ = {isa = PBXFileReference; includeInIndex = 1; lastKnownFileType = text.xcconfig; name = "Pods-sampleCharts.release.xcconfig"; path = "Target Support Files/Pods-sampleCharts/Pods-sampleCharts.release.xcconfig"; sourceTree = "<group>"; };
		65F3E302D8D21DC81AC61A19 /* Pods_sampleCharts.framework */ = {isa = PBXFileReference; explicitFileType = wrapper.framework; includeInIndex = 0; path = Pods_sampleCharts.framework; sourceTree = BUILT_PRODUCTS_DIR; };
		89BCFFE07E6233A34EB8A1BA /* Pods-sampleCharts.debug.xcconfig */ = {isa = PBXFileReference; includeInIndex = 1; lastKnownFileType = text.xcconfig; name = "Pods-sampleCharts.debug.xcconfig"; path = "Target Support Files/Pods-sampleCharts/Pods-sampleCharts.debug.xcconfig"; sourceTree = "<group>"; };
		B7BBDEE324ED02D40060941D /* sampleCharts.app */ = {isa = PBXFileReference; explicitFileType = wrapper.application; includeInIndex = 0; path = sampleCharts.app; sourceTree = BUILT_PRODUCTS_DIR; };
		B7BBDEE624ED02D40060941D /* AppDelegate.swift */ = {isa = PBXFileReference; lastKnownFileType = sourcecode.swift; path = AppDelegate.swift; sourceTree = "<group>"; };
		B7BBDEE824ED02D40060941D /* SceneDelegate.swift */ = {isa = PBXFileReference; lastKnownFileType = sourcecode.swift; path = SceneDelegate.swift; sourceTree = "<group>"; };
		B7BBDEEA24ED02D40060941D /* ViewController.swift */ = {isa = PBXFileReference; lastKnownFileType = sourcecode.swift; path = ViewController.swift; sourceTree = "<group>"; };
		B7BBDEED24ED02D40060941D /* Base */ = {isa = PBXFileReference; lastKnownFileType = file.storyboard; name = Base; path = Base.lproj/Main.storyboard; sourceTree = "<group>"; };
		B7BBDEEF24ED02D60060941D /* Assets.xcassets */ = {isa = PBXFileReference; lastKnownFileType = folder.assetcatalog; path = Assets.xcassets; sourceTree = "<group>"; };
		B7BBDEF224ED02D60060941D /* Base */ = {isa = PBXFileReference; lastKnownFileType = file.storyboard; name = Base; path = Base.lproj/LaunchScreen.storyboard; sourceTree = "<group>"; };
		B7BBDEF424ED02D60060941D /* Info.plist */ = {isa = PBXFileReference; lastKnownFileType = text.plist.xml; path = Info.plist; sourceTree = "<group>"; };
/* End PBXFileReference section */

/* Begin PBXFrameworksBuildPhase section */
		B7BBDEE024ED02D40060941D /* Frameworks */ = {
			isa = PBXFrameworksBuildPhase;
			buildActionMask = 2147483647;
			files = (
				AF4BBD6742BEB68CAC393E66 /* Pods_sampleCharts.framework in Frameworks */,
			);
			runOnlyForDeploymentPostprocessing = 0;
		};
/* End PBXFrameworksBuildPhase section */

/* Begin PBXGroup section */
		59713D5024202844BD13C127 /* Pods */ = {
			isa = PBXGroup;
			children = (
				89BCFFE07E6233A34EB8A1BA /* Pods-sampleCharts.debug.xcconfig */,
				63DA7D26DE7AC058971158F5 /* Pods-sampleCharts.release.xcconfig */,
			);
			name = Pods;
			path = Pods;
			sourceTree = "<group>";
		};
		B7BBDEDA24ED02D40060941D = {
			isa = PBXGroup;
			children = (
				B7BBDEE524ED02D40060941D /* sampleCharts */,
				B7BBDEE424ED02D40060941D /* Products */,
				59713D5024202844BD13C127 /* Pods */,
				DABC4F6C7BA3336E61378FB9 /* Frameworks */,
			);
			sourceTree = "<group>";
		};
		B7BBDEE424ED02D40060941D /* Products */ = {
			isa = PBXGroup;
			children = (
				B7BBDEE324ED02D40060941D /* sampleCharts.app */,
			);
			name = Products;
			sourceTree = "<group>";
		};
		B7BBDEE524ED02D40060941D /* sampleCharts */ = {
			isa = PBXGroup;
			children = (
				B7BBDEE624ED02D40060941D /* AppDelegate.swift */,
				B7BBDEE824ED02D40060941D /* SceneDelegate.swift */,
				B7BBDEEA24ED02D40060941D /* ViewController.swift */,
				B7BBDEEC24ED02D40060941D /* Main.storyboard */,
				B7BBDEEF24ED02D60060941D /* Assets.xcassets */,
				B7BBDEF124ED02D60060941D /* LaunchScreen.storyboard */,
				B7BBDEF424ED02D60060941D /* Info.plist */,
			);
			path = sampleCharts;
			sourceTree = "<group>";
		};
		DABC4F6C7BA3336E61378FB9 /* Frameworks */ = {
			isa = PBXGroup;
			children = (
				65F3E302D8D21DC81AC61A19 /* Pods_sampleCharts.framework */,
			);
			name = Frameworks;
			sourceTree = "<group>";
		};
/* End PBXGroup section */

/* Begin PBXNativeTarget section */
		B7BBDEE224ED02D40060941D /* sampleCharts */ = {
			isa = PBXNativeTarget;
			buildConfigurationList = B7BBDEF724ED02D60060941D /* Build configuration list for PBXNativeTarget "sampleCharts" */;
			buildPhases = (
				9C247EA2660C8A2A920866BB /* [CP] Check Pods Manifest.lock */,
				B7BBDEDF24ED02D40060941D /* Sources */,
				B7BBDEE024ED02D40060941D /* Frameworks */,
				B7BBDEE124ED02D40060941D /* Resources */,
				E34D3BCE0D72BE67ABDE0444 /* [CP] Embed Pods Frameworks */,
			);
			buildRules = (
			);
			dependencies = (
			);
			name = sampleCharts;
			productName = sampleCharts;
			productReference = B7BBDEE324ED02D40060941D /* sampleCharts.app */;
			productType = "com.apple.product-type.application";
		};
/* End PBXNativeTarget section */

/* Begin PBXProject section */
		B7BBDEDB24ED02D40060941D /* Project object */ = {
			isa = PBXProject;
			attributes = {
				LastSwiftUpdateCheck = 1160;
				LastUpgradeCheck = 1160;
				ORGANIZATIONNAME = "岩崎瑛佑";
				TargetAttributes = {
					B7BBDEE224ED02D40060941D = {
						CreatedOnToolsVersion = 11.6;
					};
				};
			};
			buildConfigurationList = B7BBDEDE24ED02D40060941D /* Build configuration list for PBXProject "sampleCharts" */;
			compatibilityVersion = "Xcode 9.3";
			developmentRegion = en;
			hasScannedForEncodings = 0;
			knownRegions = (
				en,
				Base,
			);
			mainGroup = B7BBDEDA24ED02D40060941D;
			productRefGroup = B7BBDEE424ED02D40060941D /* Products */;
			projectDirPath = "";
			projectRoot = "";
			targets = (
				B7BBDEE224ED02D40060941D /* sampleCharts */,
			);
		};
/* End PBXProject section */

/* Begin PBXResourcesBuildPhase section */
		B7BBDEE124ED02D40060941D /* Resources */ = {
			isa = PBXResourcesBuildPhase;
			buildActionMask = 2147483647;
			files = (
				B7BBDEF324ED02D60060941D /* LaunchScreen.storyboard in Resources */,
				B7BBDEF024ED02D60060941D /* Assets.xcassets in Resources */,
				B7BBDEEE24ED02D40060941D /* Main.storyboard in Resources */,
			);
			runOnlyForDeploymentPostprocessing = 0;
		};
/* End PBXResourcesBuildPhase section */

/* Begin PBXShellScriptBuildPhase section */
		9C247EA2660C8A2A920866BB /* [CP] Check Pods Manifest.lock */ = {
			isa = PBXShellScriptBuildPhase;
			buildActionMask = 2147483647;
			files = (
			);
			inputFileListPaths = (
			);
			inputPaths = (
				"${PODS_PODFILE_DIR_PATH}/Podfile.lock",
				"${PODS_ROOT}/Manifest.lock",
			);
			name = "[CP] Check Pods Manifest.lock";
			outputFileListPaths = (
			);
			outputPaths = (
				"$(DERIVED_FILE_DIR)/Pods-sampleCharts-checkManifestLockResult.txt",
			);
			runOnlyForDeploymentPostprocessing = 0;
			shellPath = /bin/sh;
			shellScript = "diff \"${PODS_PODFILE_DIR_PATH}/Podfile.lock\" \"${PODS_ROOT}/Manifest.lock\" > /dev/null\nif [ $? != 0 ] ; then\n    # print error to STDERR\n    echo \"error: The sandbox is not in sync with the Podfile.lock. Run 'pod install' or update your CocoaPods installation.\" >&2\n    exit 1\nfi\n# This output is used by Xcode 'outputs' to avoid re-running this script phase.\necho \"SUCCESS\" > \"${SCRIPT_OUTPUT_FILE_0}\"\n";
			showEnvVarsInLog = 0;
		};
		E34D3BCE0D72BE67ABDE0444 /* [CP] Embed Pods Frameworks */ = {
			isa = PBXShellScriptBuildPhase;
			buildActionMask = 2147483647;
			files = (
			);
			inputFileListPaths = (
				"${PODS_ROOT}/Target Support Files/Pods-sampleCharts/Pods-sampleCharts-frameworks-${CONFIGURATION}-input-files.xcfilelist",
			);
			name = "[CP] Embed Pods Frameworks";
			outputFileListPaths = (
				"${PODS_ROOT}/Target Support Files/Pods-sampleCharts/Pods-sampleCharts-frameworks-${CONFIGURATION}-output-files.xcfilelist",
			);
			runOnlyForDeploymentPostprocessing = 0;
			shellPath = /bin/sh;
			shellScript = "\"${PODS_ROOT}/Target Support Files/Pods-sampleCharts/Pods-sampleCharts-frameworks.sh\"\n";
			showEnvVarsInLog = 0;
		};
/* End PBXShellScriptBuildPhase section */

/* Begin PBXSourcesBuildPhase section */
		B7BBDEDF24ED02D40060941D /* Sources */ = {
			isa = PBXSourcesBuildPhase;
			buildActionMask = 2147483647;
			files = (
				B7BBDEEB24ED02D40060941D /* ViewController.swift in Sources */,
				B7BBDEE724ED02D40060941D /* AppDelegate.swift in Sources */,
				B7BBDEE924ED02D40060941D /* SceneDelegate.swift in Sources */,
			);
			runOnlyForDeploymentPostprocessing = 0;
		};
/* End PBXSourcesBuildPhase section */

/* Begin PBXVariantGroup section */
		B7BBDEEC24ED02D40060941D /* Main.storyboard */ = {
			isa = PBXVariantGroup;
			children = (
				B7BBDEED24ED02D40060941D /* Base */,
			);
			name = Main.storyboard;
			sourceTree = "<group>";
		};
		B7BBDEF124ED02D60060941D /* LaunchScreen.storyboard */ = {
			isa = PBXVariantGroup;
			children = (
				B7BBDEF224ED02D60060941D /* Base */,
			);
			name = LaunchScreen.storyboard;
			sourceTree = "<group>";
		};
/* End PBXVariantGroup section */

/* Begin XCBuildConfiguration section */
		B7BBDEF524ED02D60060941D /* Debug */ = {
			isa = XCBuildConfiguration;
			buildSettings = {
				ALWAYS_SEARCH_USER_PATHS = NO;
				CLANG_ANALYZER_NONNULL = YES;
				CLANG_ANALYZER_NUMBER_OBJECT_CONVERSION = YES_AGGRESSIVE;
				CLANG_CXX_LANGUAGE_STANDARD = "gnu++14";
				CLANG_CXX_LIBRARY = "libc++";
				CLANG_ENABLE_MODULES = YES;
				CLANG_ENABLE_OBJC_ARC = YES;
				CLANG_ENABLE_OBJC_WEAK = YES;
				CLANG_WARN_BLOCK_CAPTURE_AUTORELEASING = YES;
				CLANG_WARN_BOOL_CONVERSION = YES;
				CLANG_WARN_COMMA = YES;
				CLANG_WARN_CONSTANT_CONVERSION = YES;
				CLANG_WARN_DEPRECATED_OBJC_IMPLEMENTATIONS = YES;
				CLANG_WARN_DIRECT_OBJC_ISA_USAGE = YES_ERROR;
				CLANG_WARN_DOCUMENTATION_COMMENTS = YES;
				CLANG_WARN_EMPTY_BODY = YES;
				CLANG_WARN_ENUM_CONVERSION = YES;
				CLANG_WARN_INFINITE_RECURSION = YES;
				CLANG_WARN_INT_CONVERSION = YES;
				CLANG_WARN_NON_LITERAL_NULL_CONVERSION = YES;
				CLANG_WARN_OBJC_IMPLICIT_RETAIN_SELF = YES;
				CLANG_WARN_OBJC_LITERAL_CONVERSION = YES;
				CLANG_WARN_OBJC_ROOT_CLASS = YES_ERROR;
				CLANG_WARN_RANGE_LOOP_ANALYSIS = YES;
				CLANG_WARN_STRICT_PROTOTYPES = YES;
				CLANG_WARN_SUSPICIOUS_MOVE = YES;
				CLANG_WARN_UNGUARDED_AVAILABILITY = YES_AGGRESSIVE;
				CLANG_WARN_UNREACHABLE_CODE = YES;
				CLANG_WARN__DUPLICATE_METHOD_MATCH = YES;
				COPY_PHASE_STRIP = NO;
				DEBUG_INFORMATION_FORMAT = dwarf;
				ENABLE_STRICT_OBJC_MSGSEND = YES;
				ENABLE_TESTABILITY = YES;
				GCC_C_LANGUAGE_STANDARD = gnu11;
				GCC_DYNAMIC_NO_PIC = NO;
				GCC_NO_COMMON_BLOCKS = YES;
				GCC_OPTIMIZATION_LEVEL = 0;
				GCC_PREPROCESSOR_DEFINITIONS = (
					"DEBUG=1",
					"$(inherited)",
				);
				GCC_WARN_64_TO_32_BIT_CONVERSION = YES;
				GCC_WARN_ABOUT_RETURN_TYPE = YES_ERROR;
				GCC_WARN_UNDECLARED_SELECTOR = YES;
				GCC_WARN_UNINITIALIZED_AUTOS = YES_AGGRESSIVE;
				GCC_WARN_UNUSED_FUNCTION = YES;
				GCC_WARN_UNUSED_VARIABLE = YES;
				IPHONEOS_DEPLOYMENT_TARGET = 13.6;
				MTL_ENABLE_DEBUG_INFO = INCLUDE_SOURCE;
				MTL_FAST_MATH = YES;
				ONLY_ACTIVE_ARCH = YES;
				SDKROOT = iphoneos;
				SWIFT_ACTIVE_COMPILATION_CONDITIONS = DEBUG;
				SWIFT_OPTIMIZATION_LEVEL = "-Onone";
			};
			name = Debug;
		};
		B7BBDEF624ED02D60060941D /* Release */ = {
			isa = XCBuildConfiguration;
			buildSettings = {
				ALWAYS_SEARCH_USER_PATHS = NO;
				CLANG_ANALYZER_NONNULL = YES;
				CLANG_ANALYZER_NUMBER_OBJECT_CONVERSION = YES_AGGRESSIVE;
				CLANG_CXX_LANGUAGE_STANDARD = "gnu++14";
				CLANG_CXX_LIBRARY = "libc++";
				CLANG_ENABLE_MODULES = YES;
				CLANG_ENABLE_OBJC_ARC = YES;
				CLANG_ENABLE_OBJC_WEAK = YES;
				CLANG_WARN_BLOCK_CAPTURE_AUTORELEASING = YES;
				CLANG_WARN_BOOL_CONVERSION = YES;
				CLANG_WARN_COMMA = YES;
				CLANG_WARN_CONSTANT_CONVERSION = YES;
				CLANG_WARN_DEPRECATED_OBJC_IMPLEMENTATIONS = YES;
				CLANG_WARN_DIRECT_OBJC_ISA_USAGE = YES_ERROR;
				CLANG_WARN_DOCUMENTATION_COMMENTS = YES;
				CLANG_WARN_EMPTY_BODY = YES;
				CLANG_WARN_ENUM_CONVERSION = YES;
				CLANG_WARN_INFINITE_RECURSION = YES;
				CLANG_WARN_INT_CONVERSION = YES;
				CLANG_WARN_NON_LITERAL_NULL_CONVERSION = YES;
				CLANG_WARN_OBJC_IMPLICIT_RETAIN_SELF = YES;
				CLANG_WARN_OBJC_LITERAL_CONVERSION = YES;
				CLANG_WARN_OBJC_ROOT_CLASS = YES_ERROR;
				CLANG_WARN_RANGE_LOOP_ANALYSIS = YES;
				CLANG_WARN_STRICT_PROTOTYPES = YES;
				CLANG_WARN_SUSPICIOUS_MOVE = YES;
				CLANG_WARN_UNGUARDED_AVAILABILITY = YES_AGGRESSIVE;
				CLANG_WARN_UNREACHABLE_CODE = YES;
				CLANG_WARN__DUPLICATE_METHOD_MATCH = YES;
				COPY_PHASE_STRIP = NO;
				DEBUG_INFORMATION_FORMAT = "dwarf-with-dsym";
				ENABLE_NS_ASSERTIONS = NO;
				ENABLE_STRICT_OBJC_MSGSEND = YES;
				GCC_C_LANGUAGE_STANDARD = gnu11;
				GCC_NO_COMMON_BLOCKS = YES;
				GCC_WARN_64_TO_32_BIT_CONVERSION = YES;
				GCC_WARN_ABOUT_RETURN_TYPE = YES_ERROR;
				GCC_WARN_UNDECLARED_SELECTOR = YES;
				GCC_WARN_UNINITIALIZED_AUTOS = YES_AGGRESSIVE;
				GCC_WARN_UNUSED_FUNCTION = YES;
				GCC_WARN_UNUSED_VARIABLE = YES;
				IPHONEOS_DEPLOYMENT_TARGET = 13.6;
				MTL_ENABLE_DEBUG_INFO = NO;
				MTL_FAST_MATH = YES;
				SDKROOT = iphoneos;
				SWIFT_COMPILATION_MODE = wholemodule;
				SWIFT_OPTIMIZATION_LEVEL = "-O";
				VALIDATE_PRODUCT = YES;
			};
			name = Release;
		};
		B7BBDEF824ED02D60060941D /* Debug */ = {
			isa = XCBuildConfiguration;
			baseConfigurationReference = 89BCFFE07E6233A34EB8A1BA /* Pods-sampleCharts.debug.xcconfig */;
			buildSettings = {
				ASSETCATALOG_COMPILER_APPICON_NAME = AppIcon;
				CODE_SIGN_STYLE = Automatic;
				INFOPLIST_FILE = sampleCharts/Info.plist;
				LD_RUNPATH_SEARCH_PATHS = (
					"$(inherited)",
					"@executable_path/Frameworks",
				);
				PRODUCT_BUNDLE_IDENTIFIER = "ceratophrysgerogero-gmail.sampleCharts";
				PRODUCT_NAME = "$(TARGET_NAME)";
				SWIFT_VERSION = 5.0;
				TARGETED_DEVICE_FAMILY = "1,2";
			};
			name = Debug;
		};
		B7BBDEF924ED02D60060941D /* Release */ = {
			isa = XCBuildConfiguration;
			baseConfigurationReference = 63DA7D26DE7AC058971158F5 /* Pods-sampleCharts.release.xcconfig */;
			buildSettings = {
				ASSETCATALOG_COMPILER_APPICON_NAME = AppIcon;
				CODE_SIGN_STYLE = Automatic;
				INFOPLIST_FILE = sampleCharts/Info.plist;
				LD_RUNPATH_SEARCH_PATHS = (
					"$(inherited)",
					"@executable_path/Frameworks",
				);
				PRODUCT_BUNDLE_IDENTIFIER = "ceratophrysgerogero-gmail.sampleCharts";
				PRODUCT_NAME = "$(TARGET_NAME)";
				SWIFT_VERSION = 5.0;
				TARGETED_DEVICE_FAMILY = "1,2";
			};
			name = Release;
		};
/* End XCBuildConfiguration section */

/* Begin XCConfigurationList section */
		B7BBDEDE24ED02D40060941D /* Build configuration list for PBXProject "sampleCharts" */ = {
			isa = XCConfigurationList;
			buildConfigurations = (
				B7BBDEF524ED02D60060941D /* Debug */,
				B7BBDEF624ED02D60060941D /* Release */,
			);
			defaultConfigurationIsVisible = 0;
			defaultConfigurationName = Release;
		};
		B7BBDEF724ED02D60060941D /* Build configuration list for PBXNativeTarget "sampleCharts" */ = {
			isa = XCConfigurationList;
			buildConfigurations = (
				B7BBDEF824ED02D60060941D /* Debug */,
				B7BBDEF924ED02D60060941D /* Release */,
			);
			defaultConfigurationIsVisible = 0;
			defaultConfigurationName = Release;
		};
/* End XCConfigurationList section */
	};
	rootObject = B7BBDEDB24ED02D40060941D /* Project object */;
}
